
Microsoft Visual Studio Solution File, Format Version 11.00
# Visual Studio 2010
Project("{FAE04EC0-301F-11D3-BF4B-00C04F79EFBC}") = "selfiekiller_beta", "selfiekiller_beta\selfiekiller_beta\selfiekiller_beta.csproj", "{DEA881EC-D6E0-4AAC-80AC-4E51B49D06CA}"
EndProject
Project("{96E2B04D-8817-42C6-938A-82C39BA4D311}") = "selfiekiller_betaContent", "selfiekiller_beta\selfiekiller_betaContent\selfiekiller_betaContent.contentproj", "{67CF0E48-0A72-4185-A804-DBAF593F9957}"
EndProject
Global
	GlobalSection(SolutionConfigurationPlatforms) = preSolution
		Debug|x86 = Debug|x86
		Release|x86 = Release|x86
	EndGlobalSection
	GlobalSection(ProjectConfigurationPlatforms) = postSolution
		{DEA881EC-D6E0-4AAC-80AC-4E51B49D06CA}.Debug|x86.ActiveCfg = Debug|x86
		{DEA881EC-D6E0-4AAC-80AC-4E51B49D06CA}.Debug|x86.Build.0 = Debug|x86
		{DEA881EC-D6E0-4AAC-80AC-4E51B49D06CA}.Release|x86.ActiveCfg = Release|x86
		{DEA881EC-D6E0-4AAC-80AC-4E51B49D06CA}.Release|x86.Build.0 = Release|x86
		{67CF0E48-0A72-4185-A804-DBAF593F9957}.Debug|x86.ActiveCfg = Debug|x86
		{67CF0E48-0A72-4185-A804-DBAF593F9957}.Release|x86.ActiveCfg = Release|x86
	EndGlobalSection
	GlobalSection(SolutionProperties) = preSolution
		HideSolutionNode = FALSE
	EndGlobalSection
EndGlobal
